GEM
  remote: https://rubygems.org/
  specs:
    base64 (0.3.0)
    bigdecimal (4.0.1)
    bson (4.15.0)
    logger (1.7.0)
    mongo (2.22.0)
      base64
      bson (>= 4.14.1, < 6.0.0)
    mustermann (2.0.2)
      ruby2_keywords (~> 0.0.1)
    ostruct (0.6.3)
    rack (2.2.21)
    rack-protection (2.2.4)
      rack
    ruby2_keywords (0.0.5)
    sinatra (2.2.4)
      mustermann (~> 2.0)
      rack (~> 2.2)
      rack-protection (= 2.2.4)
      tilt (~> 2.0)
    tilt (2.6.1)

PLATFORMS
  ruby
  x86_64-darwin-23

DEPENDENCIES
  bigdecimal
  bson (~> 4.15)
  logger
  mongo (~> 2.21)
  ostruct
  sinatra (~> 2.2)

CHECKSUMS
  base64 (0.3.0) sha256=27337aeabad6ffae05c265c450490628ef3ebd4b67be58257393227588f5a97b
  bigdecimal (4.0.1) sha256=8b07d3d065a9f921c80ceaea7c9d4ae596697295b584c296fe599dd0ad01c4a7
  bson (4.15.0) sha256=13266611fde7dcc5bd63d147e6ae7300a3500cb3d2fa9f9d3c6dfbff73d26fa7
  logger (1.7.0) sha256=196edec7cc44b66cfb40f9755ce11b392f21f7967696af15d274dde7edff0203
  mongo (2.22.0) sha256=8eff6211f3bb29b7461e4ff6f35d1422f3966fa072c5423888b5271b8c09b6bb
  mustermann (2.0.2) sha256=cbe651b6c039e4cefa635b8087398ff59d74f83591064926cc62d37ac4c7e054
  ostruct (0.6.3) sha256=95a2ed4a4bd1d190784e666b47b2d3f078e4a9efda2fccf18f84ddc6538ed912
  rack (2.2.21) sha256=14e2f72f0765455fe424ff601588ac5ce84e95784f59e99251ffe1527152f739
  rack-protection (2.2.4) sha256=82663dceaacffadd31a2936fdead448b8fd8e324891d52c38b2482faa2ced1b4
  ruby2_keywords (0.0.5) sha256=ffd13740c573b7301cf7a2e61fc857b2a8e3d3aff32545d6f8300d8bae10e3ef
  sinatra (2.2.4) sha256=3e31e9f7ffc89ce3fdd7770c9a4183150d76b6bdcc7322cf38f84303d3016c72
  tilt (2.6.1) sha256=35a99bba2adf7c1e362f5b48f9b581cce4edfba98117e34696dde6d308d84770

BUNDLED WITH
  4.0.3
